
Microsoft Visual Studio Solution File, Format Version 12.00
# Visual Studio 14
VisualStudioVersion = 14.0.24720.0
MinimumVisualStudioVersion = 10.0.40219.1
Project("{2150E333-8FDC-42A3-9474-1A3956D46DE8}") = "src", "src", "{443E621E-E8B6-4F65-A809-5DFE0A3E8044}"
EndProject
Project("{2150E333-8FDC-42A3-9474-1A3956D46DE8}") = "Solution Items", "Solution Items", "{C37D9318-F0C6-4489-8CF7-DEB1709EAD50}"
	ProjectSection(SolutionItems) = preProject
		global.json = global.json
	EndProjectSection
EndProject
Project("{8BB2217D-0F2D-49D1-97BC-3654ED321F3B}") = "ImageProcessorTest", "src\ImageProcessorTest\ImageProcessorTest.xproj", "{4D83CC11-E040-4F9B-B582-76EB94F1D700}"
EndProject
Project("{8BB2217D-0F2D-49D1-97BC-3654ED321F3B}") = "Model", "src\Model\Model.xproj", "{088F7E93-9AE5-4A26-BDC0-D378B2354197}"
EndProject
Project("{8BB2217D-0F2D-49D1-97BC-3654ED321F3B}") = "BLL", "src\BLL\BLL.xproj", "{7F4063D9-19B0-4525-93A7-46E577F8C5D8}"
EndProject
Project("{8BB2217D-0F2D-49D1-97BC-3654ED321F3B}") = "DAL", "src\DAL\DAL.xproj", "{2155E742-76D6-48BD-8CD0-191BC3C5A915}"
EndProject
Project("{2150E333-8FDC-42A3-9474-1A3956D46DE8}") = "test", "test", "{430BDCED-0888-4D77-B351-CD32F80C2962}"
EndProject
Project("{8BB2217D-0F2D-49D1-97BC-3654ED321F3B}") = "UnitTest", "UnitTest\UnitTest.xproj", "{2857CD35-E55F-4D7B-96B6-64CB68A4ECB2}"
EndProject
Global
	GlobalSection(SolutionConfigurationPlatforms) = preSolution
		Debug|Any CPU = Debug|Any CPU
		Release|Any CPU = Release|Any CPU
	EndGlobalSection
	GlobalSection(ProjectConfigurationPlatforms) = postSolution
		{4D83CC11-E040-4F9B-B582-76EB94F1D700}.Debug|Any CPU.ActiveCfg = Debug|Any CPU
		{4D83CC11-E040-4F9B-B582-76EB94F1D700}.Debug|Any CPU.Build.0 = Debug|Any CPU
		{4D83CC11-E040-4F9B-B582-76EB94F1D700}.Release|Any CPU.ActiveCfg = Release|Any CPU
		{4D83CC11-E040-4F9B-B582-76EB94F1D700}.Release|Any CPU.Build.0 = Release|Any CPU
		{088F7E93-9AE5-4A26-BDC0-D378B2354197}.Debug|Any CPU.ActiveCfg = Debug|Any CPU
		{088F7E93-9AE5-4A26-BDC0-D378B2354197}.Debug|Any CPU.Build.0 = Debug|Any CPU
		{088F7E93-9AE5-4A26-BDC0-D378B2354197}.Release|Any CPU.ActiveCfg = Release|Any CPU
		{088F7E93-9AE5-4A26-BDC0-D378B2354197}.Release|Any CPU.Build.0 = Release|Any CPU
		{7F4063D9-19B0-4525-93A7-46E577F8C5D8}.Debug|Any CPU.ActiveCfg = Debug|Any CPU
		{7F4063D9-19B0-4525-93A7-46E577F8C5D8}.Debug|Any CPU.Build.0 = Debug|Any CPU
		{7F4063D9-19B0-4525-93A7-46E577F8C5D8}.Release|Any CPU.ActiveCfg = Release|Any CPU
		{7F4063D9-19B0-4525-93A7-46E577F8C5D8}.Release|Any CPU.Build.0 = Release|Any CPU
		{2155E742-76D6-48BD-8CD0-191BC3C5A915}.Debug|Any CPU.ActiveCfg = Debug|Any CPU
		{2155E742-76D6-48BD-8CD0-191BC3C5A915}.Debug|Any CPU.Build.0 = Debug|Any CPU
		{2155E742-76D6-48BD-8CD0-191BC3C5A915}.Release|Any CPU.ActiveCfg = Release|Any CPU
		{2155E742-76D6-48BD-8CD0-191BC3C5A915}.Release|Any CPU.Build.0 = Release|Any CPU
		{2857CD35-E55F-4D7B-96B6-64CB68A4ECB2}.Debug|Any CPU.ActiveCfg = Debug|Any CPU
		{2857CD35-E55F-4D7B-96B6-64CB68A4ECB2}.Debug|Any CPU.Build.0 = Debug|Any CPU
		{2857CD35-E55F-4D7B-96B6-64CB68A4ECB2}.Release|Any CPU.ActiveCfg = Release|Any CPU
		{2857CD35-E55F-4D7B-96B6-64CB68A4ECB2}.Release|Any CPU.Build.0 = Release|Any CPU
	EndGlobalSection
	GlobalSection(SolutionProperties) = preSolution
		HideSolutionNode = FALSE
	EndGlobalSection
	GlobalSection(NestedProjects) = preSolution
		{4D83CC11-E040-4F9B-B582-76EB94F1D700} = {443E621E-E8B6-4F65-A809-5DFE0A3E8044}
		{088F7E93-9AE5-4A26-BDC0-D378B2354197} = {443E621E-E8B6-4F65-A809-5DFE0A3E8044}
		{7F4063D9-19B0-4525-93A7-46E577F8C5D8} = {443E621E-E8B6-4F65-A809-5DFE0A3E8044}
		{2155E742-76D6-48BD-8CD0-191BC3C5A915} = {443E621E-E8B6-4F65-A809-5DFE0A3E8044}
		{2857CD35-E55F-4D7B-96B6-64CB68A4ECB2} = {430BDCED-0888-4D77-B351-CD32F80C2962}
	EndGlobalSection
EndGlobal
